
Microsoft Visual Studio Solution File, Format Version 12.00
# Visual Studio Version 17
VisualStudioVersion = 17.13.35931.197 d17.13
MinimumVisualStudioVersion = 10.0.40219.1
Project("{FAE04EC0-301F-11D3-BF4B-00C04F79EFBC}") = "PruebaCRUD1", "PruebaCRUD1\PruebaCRUD1.csproj", "{07F172C8-6644-4184-80F9-51AF3850DA4F}"
EndProject
Global
	GlobalSection(SolutionConfigurationPlatforms) = preSolution
		Debug|Any CPU = Debug|Any CPU
		Release|Any CPU = Release|Any CPU
	EndGlobalSection
	GlobalSection(ProjectConfigurationPlatforms) = postSolution
		{07F172C8-6644-4184-80F9-51AF3850DA4F}.Debug|Any CPU.ActiveCfg = Debug|Any CPU
		{07F172C8-6644-4184-80F9-51AF3850DA4F}.Debug|Any CPU.Build.0 = Debug|Any CPU
		{07F172C8-6644-4184-80F9-51AF3850DA4F}.Release|Any CPU.ActiveCfg = Release|Any CPU
		{07F172C8-6644-4184-80F9-51AF3850DA4F}.Release|Any CPU.Build.0 = Release|Any CPU
	EndGlobalSection
	GlobalSection(SolutionProperties) = preSolution
		HideSolutionNode = FALSE
	EndGlobalSection
	GlobalSection(ExtensibilityGlobals) = postSolution
		SolutionGuid = {AC4EB0B3-C9A9-4012-BE62-EF624B5E5D40}
	EndGlobalSection
EndGlobal
